
Microsoft Visual Studio Solution File, Format Version 12.00
# Visual Studio Version 16
VisualStudioVersion = 16.0.30011.22
MinimumVisualStudioVersion = 10.0.40219.1
Project("{FAE04EC0-301F-11D3-BF4B-00C04F79EFBC}") = "FileResultActionsCoreMvc_Demo", "FileResultActionsCoreMvc_Demo\FileResultActionsCoreMvc_Demo.csproj", "{57074375-BA4A-485C-ACB6-680806102A1D}"
EndProject
Global
	GlobalSection(SolutionConfigurationPlatforms) = preSolution
		Debug|Any CPU = Debug|Any CPU
		Release|Any CPU = Release|Any CPU
	EndGlobalSection
	GlobalSection(ProjectConfigurationPlatforms) = postSolution
		{57074375-BA4A-485C-ACB6-680806102A1D}.Debug|Any CPU.ActiveCfg = Debug|Any CPU
		{57074375-BA4A-485C-ACB6-680806102A1D}.Debug|Any CPU.Build.0 = Debug|Any CPU
		{57074375-BA4A-485C-ACB6-680806102A1D}.Release|Any CPU.ActiveCfg = Release|Any CPU
		{57074375-BA4A-485C-ACB6-680806102A1D}.Release|Any CPU.Build.0 = Release|Any CPU
	EndGlobalSection
	GlobalSection(SolutionProperties) = preSolution
		HideSolutionNode = FALSE
	EndGlobalSection
	GlobalSection(ExtensibilityGlobals) = postSolution
		SolutionGuid = {57194540-B3A4-4146-B02E-03CC78F7C3C1}
	EndGlobalSection
EndGlobal
